
Microsoft Visual Studio Solution File, Format Version 12.00
# Visual Studio 15
VisualStudioVersion = 15.0.28307.489
MinimumVisualStudioVersion = 10.0.40219.1
Project("{FAE04EC0-301F-11D3-BF4B-00C04F79EFBC}") = "tabs", "tabs\tabs.csproj", "{E4993B1E-8BDA-43BB-A331-6484A8129FD2}"
EndProject
Project("{FAE04EC0-301F-11D3-BF4B-00C04F79EFBC}") = "Task 3. SortOfScoreboard", "SortOfScoreboard\Task 3. SortOfScoreboard.csproj", "{736A2B87-F4BF-47E9-A36F-DDE03BF27739}"
EndProject
Project("{FAE04EC0-301F-11D3-BF4B-00C04F79EFBC}") = "Task 2. CustomButton", "CustomButtonLib\Task 2. CustomButton.csproj", "{704E75D0-9E02-48F0-A9F1-69A60F0B4718}"
EndProject
Project("{FAE04EC0-301F-11D3-BF4B-00C04F79EFBC}") = "Task 4. SetOfBarsLib", "SetOfBarsLib\Task 4. SetOfBarsLib.csproj", "{8E2E3063-92E7-4812-A01E-EA9C85521D42}"
EndProject
Global
	GlobalSection(SolutionConfigurationPlatforms) = preSolution
		Debug|Any CPU = Debug|Any CPU
		Release|Any CPU = Release|Any CPU
	EndGlobalSection
	GlobalSection(ProjectConfigurationPlatforms) = postSolution
		{E4993B1E-8BDA-43BB-A331-6484A8129FD2}.Debug|Any CPU.ActiveCfg = Debug|Any CPU
		{E4993B1E-8BDA-43BB-A331-6484A8129FD2}.Debug|Any CPU.Build.0 = Debug|Any CPU
		{E4993B1E-8BDA-43BB-A331-6484A8129FD2}.Release|Any CPU.ActiveCfg = Release|Any CPU
		{E4993B1E-8BDA-43BB-A331-6484A8129FD2}.Release|Any CPU.Build.0 = Release|Any CPU
		{736A2B87-F4BF-47E9-A36F-DDE03BF27739}.Debug|Any CPU.ActiveCfg = Debug|Any CPU
		{736A2B87-F4BF-47E9-A36F-DDE03BF27739}.Debug|Any CPU.Build.0 = Debug|Any CPU
		{736A2B87-F4BF-47E9-A36F-DDE03BF27739}.Release|Any CPU.ActiveCfg = Release|Any CPU
		{736A2B87-F4BF-47E9-A36F-DDE03BF27739}.Release|Any CPU.Build.0 = Release|Any CPU
		{704E75D0-9E02-48F0-A9F1-69A60F0B4718}.Debug|Any CPU.ActiveCfg = Debug|Any CPU
		{704E75D0-9E02-48F0-A9F1-69A60F0B4718}.Debug|Any CPU.Build.0 = Debug|Any CPU
		{704E75D0-9E02-48F0-A9F1-69A60F0B4718}.Release|Any CPU.ActiveCfg = Release|Any CPU
		{704E75D0-9E02-48F0-A9F1-69A60F0B4718}.Release|Any CPU.Build.0 = Release|Any CPU
		{8E2E3063-92E7-4812-A01E-EA9C85521D42}.Debug|Any CPU.ActiveCfg = Debug|Any CPU
		{8E2E3063-92E7-4812-A01E-EA9C85521D42}.Debug|Any CPU.Build.0 = Debug|Any CPU
		{8E2E3063-92E7-4812-A01E-EA9C85521D42}.Release|Any CPU.ActiveCfg = Release|Any CPU
		{8E2E3063-92E7-4812-A01E-EA9C85521D42}.Release|Any CPU.Build.0 = Release|Any CPU
	EndGlobalSection
	GlobalSection(SolutionProperties) = preSolution
		HideSolutionNode = FALSE
	EndGlobalSection
	GlobalSection(ExtensibilityGlobals) = postSolution
		SolutionGuid = {1BE521DC-E9BF-405F-85F6-FDCD78BA9412}
	EndGlobalSection
EndGlobal
